// !$*UTF8*$!
{
	archiveVersion = 1;
	classes = {
	};
	objectVersion = 56;
	objects = {

/* Begin PBXBuildFile section */
		6209F73A29AF8CBD00E5CCD5 /* Leetcode.framework in Frameworks */ = {isa = PBXBuildFile; fileRef = 6209F73129AF8CBD00E5CCD5 /* Leetcode.framework */; };
		6209F73F29AF8CBD00E5CCD5 /* 1.Two.Sum.Tests.swift in Sources */ = {isa = PBXBuildFile; fileRef = 6209F73E29AF8CBD00E5CCD5 /* 1.Two.Sum.Tests.swift */; };
		6209F74A29AF8D5400E5CCD5 /* 2.Add.Two.Numbers.Tests.swift in Sources */ = {isa = PBXBuildFile; fileRef = 6209F74929AF8D5400E5CCD5 /* 2.Add.Two.Numbers.Tests.swift */; };
		6209F74C29AF936800E5CCD5 /* 9.Palindrome.Number.Tests.swift in Sources */ = {isa = PBXBuildFile; fileRef = 6209F74B29AF936800E5CCD5 /* 9.Palindrome.Number.Tests.swift */; };
		6209F74E29AF944500E5CCD5 /* 13.Roman.To.Integer.Tests.swift in Sources */ = {isa = PBXBuildFile; fileRef = 6209F74D29AF944500E5CCD5 /* 13.Roman.To.Integer.Tests.swift */; };
		6209F75029AF94B900E5CCD5 /* 33.Search.In.Rotated.Sorted.Array.Tests.swift in Sources */ = {isa = PBXBuildFile; fileRef = 6209F74F29AF94B900E5CCD5 /* 33.Search.In.Rotated.Sorted.Array.Tests.swift */; };
		6209F75229AF95D100E5CCD5 /* 35.Search.Insert.Position.Tests.swift in Sources */ = {isa = PBXBuildFile; fileRef = 6209F75129AF95D100E5CCD5 /* 35.Search.Insert.Position.Tests.swift */; };
		6209F75429AF963700E5CCD5 /* 69.SqrtX.Tests.swift in Sources */ = {isa = PBXBuildFile; fileRef = 6209F75329AF963700E5CCD5 /* 69.SqrtX.Tests.swift */; };
		6209F75629AF979C00E5CCD5 /* 278.First.Bad.Version.Tests.swift in Sources */ = {isa = PBXBuildFile; fileRef = 6209F75529AF979C00E5CCD5 /* 278.First.Bad.Version.Tests.swift */; };
		6209F75829AF987E00E5CCD5 /* 374.Guess.Number.Higher.Or.Lower.Tests.swift in Sources */ = {isa = PBXBuildFile; fileRef = 6209F75729AF987E00E5CCD5 /* 374.Guess.Number.Higher.Or.Lower.Tests.swift */; };
		6209F75A29AF994600E5CCD5 /* 704.Binary.Search.Tests.swift in Sources */ = {isa = PBXBuildFile; fileRef = 6209F75929AF994600E5CCD5 /* 704.Binary.Search.Tests.swift */; };
		6209F78029AF9B0F00E5CCD5 /* Leetcode.h in Headers */ = {isa = PBXBuildFile; fileRef = 6209F75B29AF99CE00E5CCD5 /* Leetcode.h */; settings = {ATTRIBUTES = (Public, ); }; };
		621977F729C121BF00BC4107 /* 34.Find.First.And.Last.Position.Of.Element.In.Sorted.Array.Tests.swift in Sources */ = {isa = PBXBuildFile; fileRef = 621977F629C121BF00BC4107 /* 34.Find.First.And.Last.Position.Of.Element.In.Sorted.Array.Tests.swift */; };
		621AB35929B0AA1A000E0DF6 /* 912.Merge.Sort.An.Array.Tests.swift in Sources */ = {isa = PBXBuildFile; fileRef = 621AB35829B0AA1A000E0DF6 /* 912.Merge.Sort.An.Array.Tests.swift */; };
		621AB35F29B169D3000E0DF6 /* 443.String.Compression.Tests.swift in Sources */ = {isa = PBXBuildFile; fileRef = 621AB35E29B169D3000E0DF6 /* 443.String.Compression.Tests.swift */; };
		621AE1D129B265DB00BD2175 /* 28.Find.The.Index.Of.The.First.Occurrence.In.A.String.Tests.swift in Sources */ = {isa = PBXBuildFile; fileRef = 621AE1D029B265DB00BD2175 /* 28.Find.The.Index.Of.The.First.Occurrence.In.A.String.Tests.swift */; };
		62377DD529B9DC7F0015E794 /* 142.Linked.List.Cycle.II.Tests.swift in Sources */ = {isa = PBXBuildFile; fileRef = 62377DD429B9DC7F0015E794 /* 142.Linked.List.Cycle.II.Tests.swift */; };
		62377DD729BB68380015E794 /* 382.Linked.List.Random.Node.Tests.swift in Sources */ = {isa = PBXBuildFile; fileRef = 62377DD629BB68380015E794 /* 382.Linked.List.Random.Node.Tests.swift */; };
		62377DD929BCF35A0015E794 /* 109.Convert.Sorted.List.To.Binary.Search.Tree.Tests.swift in Sources */ = {isa = PBXBuildFile; fileRef = 62377DD829BCF35A0015E794 /* 109.Convert.Sorted.List.To.Binary.Search.Tree.Tests.swift */; };
		624374B729BF5BD90054073E /* 101.Symmetric.Tree.Tests.swift in Sources */ = {isa = PBXBuildFile; fileRef = 624374B629BF5BD90054073E /* 101.Symmetric.Tree.Tests.swift */; };
		624374B929BF5C540054073E /* ListNode.swift in Sources */ = {isa = PBXBuildFile; fileRef = 624374B829BF5C540054073E /* ListNode.swift */; };
		624374BB29BF5C760054073E /* TreeNode.swift in Sources */ = {isa = PBXBuildFile; fileRef = 624374BA29BF5C760054073E /* TreeNode.swift */; };
		624374BE29C0A72C0054073E /* 129.Sum.Root.To.Leaf.Numbers.Tests.swift in Sources */ = {isa = PBXBuildFile; fileRef = 624374BD29C0A72C0054073E /* 129.Sum.Root.To.Leaf.Numbers.Tests.swift */; };
		627A73C629BD2F1F00202D2C /* 20.Valid.Parentheses.Tests.swift in Sources */ = {isa = PBXBuildFile; fileRef = 627A73C529BD2F1F00202D2C /* 20.Valid.Parentheses.Tests.swift */; };
		627A73C829BE346000202D2C /* 23.Merge.K.Sorted.Lists.Tests.swift in Sources */ = {isa = PBXBuildFile; fileRef = 627A73C729BE346000202D2C /* 23.Merge.K.Sorted.Lists.Tests.swift */; };
		627F92C829C24FAF00E1E942 /* 958.Check.Completeness.Of.A.Binary.Tree.Tests.swift in Sources */ = {isa = PBXBuildFile; fileRef = 627F92C729C24FAF00E1E942 /* 958.Check.Completeness.Of.A.Binary.Tree.Tests.swift */; };
		627F92CA29C3C06100E1E942 /* 106.Construct.Binary.Tree.From.Inorder.And.Postorder.Traversal.Tests.swift in Sources */ = {isa = PBXBuildFile; fileRef = 627F92C929C3C06100E1E942 /* 106.Construct.Binary.Tree.From.Inorder.And.Postorder.Traversal.Tests.swift */; };
		6293E1AA29C457E7009E3F57 /* 208.Implement.Trie.Prefix.Tree.Tests.swift in Sources */ = {isa = PBXBuildFile; fileRef = 6293E1A929C457E7009E3F57 /* 208.Implement.Trie.Prefix.Tree.Tests.swift */; };
		62A4392929B7F340008FA3F7 /* 2187.Minimum.Time.To.Complete.Trips.Tests.swift in Sources */ = {isa = PBXBuildFile; fileRef = 62A4392829B7F340008FA3F7 /* 2187.Minimum.Time.To.Complete.Trips.Tests.swift */; };
		62DA3CB529C6501800DA100C /* 1472.Design.Browser.History.Tests.swift in Sources */ = {isa = PBXBuildFile; fileRef = 62DA3CB429C6501800DA100C /* 1472.Design.Browser.History.Tests.swift */; };
		62F2FFA129B8D3B10000CB35 /* 875.Koko.Eating.Bananas.Tests.swift in Sources */ = {isa = PBXBuildFile; fileRef = 62F2FFA029B8D3B10000CB35 /* 875.Koko.Eating.Bananas.Tests.swift */; };
		62F74C6F29C79082002D73B3 /* 211.Design.Add.And.Search.Words.Data.Structure.Tests.swift in Sources */ = {isa = PBXBuildFile; fileRef = 62F74C6E29C79082002D73B3 /* 211.Design.Add.And.Search.Words.Data.Structure.Tests.swift */; };
/* End PBXBuildFile section */

/* Begin PBXContainerItemProxy section */
		6209F73B29AF8CBD00E5CCD5 /* PBXContainerItemProxy */ = {
			isa = PBXContainerItemProxy;
			containerPortal = 6209F72829AF8CBD00E5CCD5 /* Project object */;
			proxyType = 1;
			remoteGlobalIDString = 6209F73029AF8CBD00E5CCD5;
			remoteInfo = Leetcode;
		};
/* End PBXContainerItemProxy section */

/* Begin PBXFileReference section */
		6209F73129AF8CBD00E5CCD5 /* Leetcode.framework */ = {isa = PBXFileReference; explicitFileType = wrapper.framework; includeInIndex = 0; path = Leetcode.framework; sourceTree = BUILT_PRODUCTS_DIR; };
		6209F73929AF8CBD00E5CCD5 /* LeetcodeTests.xctest */ = {isa = PBXFileReference; explicitFileType = wrapper.cfbundle; includeInIndex = 0; path = LeetcodeTests.xctest; sourceTree = BUILT_PRODUCTS_DIR; };
		6209F73E29AF8CBD00E5CCD5 /* 1.Two.Sum.Tests.swift */ = {isa = PBXFileReference; lastKnownFileType = sourcecode.swift; path = 1.Two.Sum.Tests.swift; sourceTree = "<group>"; };
		6209F74929AF8D5400E5CCD5 /* 2.Add.Two.Numbers.Tests.swift */ = {isa = PBXFileReference; lastKnownFileType = sourcecode.swift; path = 2.Add.Two.Numbers.Tests.swift; sourceTree = "<group>"; };
		6209F74B29AF936800E5CCD5 /* 9.Palindrome.Number.Tests.swift */ = {isa = PBXFileReference; lastKnownFileType = sourcecode.swift; path = 9.Palindrome.Number.Tests.swift; sourceTree = "<group>"; };
		6209F74D29AF944500E5CCD5 /* 13.Roman.To.Integer.Tests.swift */ = {isa = PBXFileReference; lastKnownFileType = sourcecode.swift; path = 13.Roman.To.Integer.Tests.swift; sourceTree = "<group>"; };
		6209F74F29AF94B900E5CCD5 /* 33.Search.In.Rotated.Sorted.Array.Tests.swift */ = {isa = PBXFileReference; lastKnownFileType = sourcecode.swift; path = 33.Search.In.Rotated.Sorted.Array.Tests.swift; sourceTree = "<group>"; };
		6209F75129AF95D100E5CCD5 /* 35.Search.Insert.Position.Tests.swift */ = {isa = PBXFileReference; lastKnownFileType = sourcecode.swift; path = 35.Search.Insert.Position.Tests.swift; sourceTree = "<group>"; };
		6209F75329AF963700E5CCD5 /* 69.SqrtX.Tests.swift */ = {isa = PBXFileReference; lastKnownFileType = sourcecode.swift; path = 69.SqrtX.Tests.swift; sourceTree = "<group>"; };
		6209F75529AF979C00E5CCD5 /* 278.First.Bad.Version.Tests.swift */ = {isa = PBXFileReference; lastKnownFileType = sourcecode.swift; path = 278.First.Bad.Version.Tests.swift; sourceTree = "<group>"; };
		6209F75729AF987E00E5CCD5 /* 374.Guess.Number.Higher.Or.Lower.Tests.swift */ = {isa = PBXFileReference; lastKnownFileType = sourcecode.swift; path = 374.Guess.Number.Higher.Or.Lower.Tests.swift; sourceTree = "<group>"; };
		6209F75929AF994600E5CCD5 /* 704.Binary.Search.Tests.swift */ = {isa = PBXFileReference; lastKnownFileType = sourcecode.swift; path = 704.Binary.Search.Tests.swift; sourceTree = "<group>"; };
		6209F75B29AF99CE00E5CCD5 /* Leetcode.h */ = {isa = PBXFileReference; fileEncoding = 4; lastKnownFileType = sourcecode.c.h; path = Leetcode.h; sourceTree = "<group>"; };
		621977F629C121BF00BC4107 /* 34.Find.First.And.Last.Position.Of.Element.In.Sorted.Array.Tests.swift */ = {isa = PBXFileReference; lastKnownFileType = sourcecode.swift; path = 34.Find.First.And.Last.Position.Of.Element.In.Sorted.Array.Tests.swift; sourceTree = "<group>"; };
		621AB35829B0AA1A000E0DF6 /* 912.Merge.Sort.An.Array.Tests.swift */ = {isa = PBXFileReference; lastKnownFileType = sourcecode.swift; path = 912.Merge.Sort.An.Array.Tests.swift; sourceTree = "<group>"; };
		621AB35E29B169D3000E0DF6 /* 443.String.Compression.Tests.swift */ = {isa = PBXFileReference; lastKnownFileType = sourcecode.swift; path = 443.String.Compression.Tests.swift; sourceTree = "<group>"; };
		621AE1D029B265DB00BD2175 /* 28.Find.The.Index.Of.The.First.Occurrence.In.A.String.Tests.swift */ = {isa = PBXFileReference; lastKnownFileType = sourcecode.swift; path = 28.Find.The.Index.Of.The.First.Occurrence.In.A.String.Tests.swift; sourceTree = "<group>"; };
		62377DD429B9DC7F0015E794 /* 142.Linked.List.Cycle.II.Tests.swift */ = {isa = PBXFileReference; lastKnownFileType = sourcecode.swift; path = 142.Linked.List.Cycle.II.Tests.swift; sourceTree = "<group>"; };
		62377DD629BB68380015E794 /* 382.Linked.List.Random.Node.Tests.swift */ = {isa = PBXFileReference; lastKnownFileType = sourcecode.swift; path = 382.Linked.List.Random.Node.Tests.swift; sourceTree = "<group>"; };
		62377DD829BCF35A0015E794 /* 109.Convert.Sorted.List.To.Binary.Search.Tree.Tests.swift */ = {isa = PBXFileReference; lastKnownFileType = sourcecode.swift; path = 109.Convert.Sorted.List.To.Binary.Search.Tree.Tests.swift; sourceTree = "<group>"; };
		624374B629BF5BD90054073E /* 101.Symmetric.Tree.Tests.swift */ = {isa = PBXFileReference; lastKnownFileType = sourcecode.swift; path = 101.Symmetric.Tree.Tests.swift; sourceTree = "<group>"; };
		624374B829BF5C540054073E /* ListNode.swift */ = {isa = PBXFileReference; lastKnownFileType = sourcecode.swift; path = ListNode.swift; sourceTree = "<group>"; };
		624374BA29BF5C760054073E /* TreeNode.swift */ = {isa = PBXFileReference; lastKnownFileType = sourcecode.swift; path = TreeNode.swift; sourceTree = "<group>"; };
		624374BD29C0A72C0054073E /* 129.Sum.Root.To.Leaf.Numbers.Tests.swift */ = {isa = PBXFileReference; lastKnownFileType = sourcecode.swift; path = 129.Sum.Root.To.Leaf.Numbers.Tests.swift; sourceTree = "<group>"; };
		627A73C529BD2F1F00202D2C /* 20.Valid.Parentheses.Tests.swift */ = {isa = PBXFileReference; lastKnownFileType = sourcecode.swift; path = 20.Valid.Parentheses.Tests.swift; sourceTree = "<group>"; };
		627A73C729BE346000202D2C /* 23.Merge.K.Sorted.Lists.Tests.swift */ = {isa = PBXFileReference; lastKnownFileType = sourcecode.swift; path = 23.Merge.K.Sorted.Lists.Tests.swift; sourceTree = "<group>"; };
		627F92C729C24FAF00E1E942 /* 958.Check.Completeness.Of.A.Binary.Tree.Tests.swift */ = {isa = PBXFileReference; lastKnownFileType = sourcecode.swift; path = 958.Check.Completeness.Of.A.Binary.Tree.Tests.swift; sourceTree = "<group>"; };
		627F92C929C3C06100E1E942 /* 106.Construct.Binary.Tree.From.Inorder.And.Postorder.Traversal.Tests.swift */ = {isa = PBXFileReference; lastKnownFileType = sourcecode.swift; path = 106.Construct.Binary.Tree.From.Inorder.And.Postorder.Traversal.Tests.swift; sourceTree = "<group>"; };
		6293E1A929C457E7009E3F57 /* 208.Implement.Trie.Prefix.Tree.Tests.swift */ = {isa = PBXFileReference; lastKnownFileType = sourcecode.swift; path = 208.Implement.Trie.Prefix.Tree.Tests.swift; sourceTree = "<group>"; };
		62A4392829B7F340008FA3F7 /* 2187.Minimum.Time.To.Complete.Trips.Tests.swift */ = {isa = PBXFileReference; lastKnownFileType = sourcecode.swift; path = 2187.Minimum.Time.To.Complete.Trips.Tests.swift; sourceTree = "<group>"; };
		62DA3CB429C6501800DA100C /* 1472.Design.Browser.History.Tests.swift */ = {isa = PBXFileReference; lastKnownFileType = sourcecode.swift; path = 1472.Design.Browser.History.Tests.swift; sourceTree = "<group>"; };
		62F2FFA029B8D3B10000CB35 /* 875.Koko.Eating.Bananas.Tests.swift */ = {isa = PBXFileReference; lastKnownFileType = sourcecode.swift; path = 875.Koko.Eating.Bananas.Tests.swift; sourceTree = "<group>"; };
		62F74C6E29C79082002D73B3 /* 211.Design.Add.And.Search.Words.Data.Structure.Tests.swift */ = {isa = PBXFileReference; lastKnownFileType = sourcecode.swift; path = 211.Design.Add.And.Search.Words.Data.Structure.Tests.swift; sourceTree = "<group>"; };
/* End PBXFileReference section */

/* Begin PBXFrameworksBuildPhase section */
		6209F72E29AF8CBD00E5CCD5 /* Frameworks */ = {
			isa = PBXFrameworksBuildPhase;
			buildActionMask = 2147483647;
			files = (
			);
			runOnlyForDeploymentPostprocessing = 0;
		};
		6209F73629AF8CBD00E5CCD5 /* Frameworks */ = {
			isa = PBXFrameworksBuildPhase;
			buildActionMask = 2147483647;
			files = (
				6209F73A29AF8CBD00E5CCD5 /* Leetcode.framework in Frameworks */,
			);
			runOnlyForDeploymentPostprocessing = 0;
		};
/* End PBXFrameworksBuildPhase section */

/* Begin PBXGroup section */
		6209F72729AF8CBD00E5CCD5 = {
			isa = PBXGroup;
			children = (
				6209F73329AF8CBD00E5CCD5 /* Leetcode */,
				6209F73D29AF8CBD00E5CCD5 /* LeetcodeTests */,
				6209F73229AF8CBD00E5CCD5 /* Products */,
			);
			sourceTree = "<group>";
		};
		6209F73229AF8CBD00E5CCD5 /* Products */ = {
			isa = PBXGroup;
			children = (
				6209F73129AF8CBD00E5CCD5 /* Leetcode.framework */,
				6209F73929AF8CBD00E5CCD5 /* LeetcodeTests.xctest */,
			);
			name = Products;
			sourceTree = "<group>";
		};
		6209F73329AF8CBD00E5CCD5 /* Leetcode */ = {
			isa = PBXGroup;
			children = (
				6209F75B29AF99CE00E5CCD5 /* Leetcode.h */,
			);
			path = Leetcode;
			sourceTree = "<group>";
		};
		6209F73D29AF8CBD00E5CCD5 /* LeetcodeTests */ = {
			isa = PBXGroup;
			children = (
				624374BC29BF5D920054073E /* Common */,
				6209F73E29AF8CBD00E5CCD5 /* 1.Two.Sum.Tests.swift */,
				6209F74929AF8D5400E5CCD5 /* 2.Add.Two.Numbers.Tests.swift */,
				6209F74B29AF936800E5CCD5 /* 9.Palindrome.Number.Tests.swift */,
				6209F74D29AF944500E5CCD5 /* 13.Roman.To.Integer.Tests.swift */,
				6209F74F29AF94B900E5CCD5 /* 33.Search.In.Rotated.Sorted.Array.Tests.swift */,
				6209F75129AF95D100E5CCD5 /* 35.Search.Insert.Position.Tests.swift */,
				6209F75329AF963700E5CCD5 /* 69.SqrtX.Tests.swift */,
				6209F75529AF979C00E5CCD5 /* 278.First.Bad.Version.Tests.swift */,
				6209F75729AF987E00E5CCD5 /* 374.Guess.Number.Higher.Or.Lower.Tests.swift */,
				6209F75929AF994600E5CCD5 /* 704.Binary.Search.Tests.swift */,
				621AB35829B0AA1A000E0DF6 /* 912.Merge.Sort.An.Array.Tests.swift */,
				621AB35E29B169D3000E0DF6 /* 443.String.Compression.Tests.swift */,
				621AE1D029B265DB00BD2175 /* 28.Find.The.Index.Of.The.First.Occurrence.In.A.String.Tests.swift */,
				62A4392829B7F340008FA3F7 /* 2187.Minimum.Time.To.Complete.Trips.Tests.swift */,
				62F2FFA029B8D3B10000CB35 /* 875.Koko.Eating.Bananas.Tests.swift */,
				62377DD429B9DC7F0015E794 /* 142.Linked.List.Cycle.II.Tests.swift */,
				62377DD629BB68380015E794 /* 382.Linked.List.Random.Node.Tests.swift */,
				62377DD829BCF35A0015E794 /* 109.Convert.Sorted.List.To.Binary.Search.Tree.Tests.swift */,
				627A73C529BD2F1F00202D2C /* 20.Valid.Parentheses.Tests.swift */,
				627A73C729BE346000202D2C /* 23.Merge.K.Sorted.Lists.Tests.swift */,
				624374B629BF5BD90054073E /* 101.Symmetric.Tree.Tests.swift */,
				624374BD29C0A72C0054073E /* 129.Sum.Root.To.Leaf.Numbers.Tests.swift */,
				621977F629C121BF00BC4107 /* 34.Find.First.And.Last.Position.Of.Element.In.Sorted.Array.Tests.swift */,
				627F92C729C24FAF00E1E942 /* 958.Check.Completeness.Of.A.Binary.Tree.Tests.swift */,
				627F92C929C3C06100E1E942 /* 106.Construct.Binary.Tree.From.Inorder.And.Postorder.Traversal.Tests.swift */,
				6293E1A929C457E7009E3F57 /* 208.Implement.Trie.Prefix.Tree.Tests.swift */,
				62DA3CB429C6501800DA100C /* 1472.Design.Browser.History.Tests.swift */,
				62F74C6E29C79082002D73B3 /* 211.Design.Add.And.Search.Words.Data.Structure.Tests.swift */,
			);
			path = LeetcodeTests;
			sourceTree = "<group>";
		};
		624374BC29BF5D920054073E /* Common */ = {
			isa = PBXGroup;
			children = (
				624374B829BF5C540054073E /* ListNode.swift */,
				624374BA29BF5C760054073E /* TreeNode.swift */,
			);
			name = Common;
			sourceTree = "<group>";
		};
/* End PBXGroup section */

/* Begin PBXHeadersBuildPhase section */
		6209F72C29AF8CBD00E5CCD5 /* Headers */ = {
			isa = PBXHeadersBuildPhase;
			buildActionMask = 2147483647;
			files = (
				6209F78029AF9B0F00E5CCD5 /* Leetcode.h in Headers */,
			);
			runOnlyForDeploymentPostprocessing = 0;
		};
/* End PBXHeadersBuildPhase section */

/* Begin PBXNativeTarget section */
		6209F73029AF8CBD00E5CCD5 /* Leetcode */ = {
			isa = PBXNativeTarget;
			buildConfigurationList = 6209F74329AF8CBD00E5CCD5 /* Build configuration list for PBXNativeTarget "Leetcode" */;
			buildPhases = (
				6209F72C29AF8CBD00E5CCD5 /* Headers */,
				6209F72D29AF8CBD00E5CCD5 /* Sources */,
				6209F72E29AF8CBD00E5CCD5 /* Frameworks */,
				6209F72F29AF8CBD00E5CCD5 /* Resources */,
			);
			buildRules = (
			);
			dependencies = (
			);
			name = Leetcode;
			productName = Leetcode;
			productReference = 6209F73129AF8CBD00E5CCD5 /* Leetcode.framework */;
			productType = "com.apple.product-type.framework";
		};
		6209F73829AF8CBD00E5CCD5 /* LeetcodeTests */ = {
			isa = PBXNativeTarget;
			buildConfigurationList = 6209F74629AF8CBD00E5CCD5 /* Build configuration list for PBXNativeTarget "LeetcodeTests" */;
			buildPhases = (
				6209F73529AF8CBD00E5CCD5 /* Sources */,
				6209F73629AF8CBD00E5CCD5 /* Frameworks */,
				6209F73729AF8CBD00E5CCD5 /* Resources */,
			);
			buildRules = (
			);
			dependencies = (
				6209F73C29AF8CBD00E5CCD5 /* PBXTargetDependency */,
			);
			name = LeetcodeTests;
			productName = LeetcodeTests;
			productReference = 6209F73929AF8CBD00E5CCD5 /* LeetcodeTests.xctest */;
			productType = "com.apple.product-type.bundle.unit-test";
		};
/* End PBXNativeTarget section */

/* Begin PBXProject section */
		6209F72829AF8CBD00E5CCD5 /* Project object */ = {
			isa = PBXProject;
			attributes = {
				BuildIndependentTargetsInParallel = 1;
				LastSwiftUpdateCheck = 1410;
				LastUpgradeCheck = 1410;
				TargetAttributes = {
					6209F73029AF8CBD00E5CCD5 = {
						CreatedOnToolsVersion = 14.1;
					};
					6209F73829AF8CBD00E5CCD5 = {
						CreatedOnToolsVersion = 14.1;
					};
				};
			};
			buildConfigurationList = 6209F72B29AF8CBD00E5CCD5 /* Build configuration list for PBXProject "Leetcode" */;
			compatibilityVersion = "Xcode 14.0";
			developmentRegion = en;
			hasScannedForEncodings = 0;
			knownRegions = (
				en,
				Base,
			);
			mainGroup = 6209F72729AF8CBD00E5CCD5;
			productRefGroup = 6209F73229AF8CBD00E5CCD5 /* Products */;
			projectDirPath = "";
			projectRoot = "";
			targets = (
				6209F73029AF8CBD00E5CCD5 /* Leetcode */,
				6209F73829AF8CBD00E5CCD5 /* LeetcodeTests */,
			);
		};
/* End PBXProject section */

/* Begin PBXResourcesBuildPhase section */
		6209F72F29AF8CBD00E5CCD5 /* Resources */ = {
			isa = PBXResourcesBuildPhase;
			buildActionMask = 2147483647;
			files = (
			);
			runOnlyForDeploymentPostprocessing = 0;
		};
		6209F73729AF8CBD00E5CCD5 /* Resources */ = {
			isa = PBXResourcesBuildPhase;
			buildActionMask = 2147483647;
			files = (
			);
			runOnlyForDeploymentPostprocessing = 0;
		};
/* End PBXResourcesBuildPhase section */

/* Begin PBXSourcesBuildPhase section */
		6209F72D29AF8CBD00E5CCD5 /* Sources */ = {
			isa = PBXSourcesBuildPhase;
			buildActionMask = 2147483647;
			files = (
			);
			runOnlyForDeploymentPostprocessing = 0;
		};
		6209F73529AF8CBD00E5CCD5 /* Sources */ = {
			isa = PBXSourcesBuildPhase;
			buildActionMask = 2147483647;
			files = (
				6209F73F29AF8CBD00E5CCD5 /* 1.Two.Sum.Tests.swift in Sources */,
				62F2FFA129B8D3B10000CB35 /* 875.Koko.Eating.Bananas.Tests.swift in Sources */,
				6209F75429AF963700E5CCD5 /* 69.SqrtX.Tests.swift in Sources */,
				6209F75029AF94B900E5CCD5 /* 33.Search.In.Rotated.Sorted.Array.Tests.swift in Sources */,
				62F74C6F29C79082002D73B3 /* 211.Design.Add.And.Search.Words.Data.Structure.Tests.swift in Sources */,
				62377DD529B9DC7F0015E794 /* 142.Linked.List.Cycle.II.Tests.swift in Sources */,
				6209F75A29AF994600E5CCD5 /* 704.Binary.Search.Tests.swift in Sources */,
				6209F74A29AF8D5400E5CCD5 /* 2.Add.Two.Numbers.Tests.swift in Sources */,
				621977F729C121BF00BC4107 /* 34.Find.First.And.Last.Position.Of.Element.In.Sorted.Array.Tests.swift in Sources */,
				62377DD729BB68380015E794 /* 382.Linked.List.Random.Node.Tests.swift in Sources */,
				624374BB29BF5C760054073E /* TreeNode.swift in Sources */,
				621AE1D129B265DB00BD2175 /* 28.Find.The.Index.Of.The.First.Occurrence.In.A.String.Tests.swift in Sources */,
				627A73C629BD2F1F00202D2C /* 20.Valid.Parentheses.Tests.swift in Sources */,
				621AB35929B0AA1A000E0DF6 /* 912.Merge.Sort.An.Array.Tests.swift in Sources */,
				621AB35F29B169D3000E0DF6 /* 443.String.Compression.Tests.swift in Sources */,
				624374B729BF5BD90054073E /* 101.Symmetric.Tree.Tests.swift in Sources */,
				624374BE29C0A72C0054073E /* 129.Sum.Root.To.Leaf.Numbers.Tests.swift in Sources */,
				6209F74C29AF936800E5CCD5 /* 9.Palindrome.Number.Tests.swift in Sources */,
				6209F74E29AF944500E5CCD5 /* 13.Roman.To.Integer.Tests.swift in Sources */,
				62377DD929BCF35A0015E794 /* 109.Convert.Sorted.List.To.Binary.Search.Tree.Tests.swift in Sources */,
				627A73C829BE346000202D2C /* 23.Merge.K.Sorted.Lists.Tests.swift in Sources */,
				627F92CA29C3C06100E1E942 /* 106.Construct.Binary.Tree.From.Inorder.And.Postorder.Traversal.Tests.swift in Sources */,
				627F92C829C24FAF00E1E942 /* 958.Check.Completeness.Of.A.Binary.Tree.Tests.swift in Sources */,
				62A4392929B7F340008FA3F7 /* 2187.Minimum.Time.To.Complete.Trips.Tests.swift in Sources */,
				6293E1AA29C457E7009E3F57 /* 208.Implement.Trie.Prefix.Tree.Tests.swift in Sources */,
				6209F75229AF95D100E5CCD5 /* 35.Search.Insert.Position.Tests.swift in Sources */,
				6209F75829AF987E00E5CCD5 /* 374.Guess.Number.Higher.Or.Lower.Tests.swift in Sources */,
				62DA3CB529C6501800DA100C /* 1472.Design.Browser.History.Tests.swift in Sources */,
				6209F75629AF979C00E5CCD5 /* 278.First.Bad.Version.Tests.swift in Sources */,
				624374B929BF5C540054073E /* ListNode.swift in Sources */,
			);
			runOnlyForDeploymentPostprocessing = 0;
		};
/* End PBXSourcesBuildPhase section */

/* Begin PBXTargetDependency section */
		6209F73C29AF8CBD00E5CCD5 /* PBXTargetDependency */ = {
			isa = PBXTargetDependency;
			target = 6209F73029AF8CBD00E5CCD5 /* Leetcode */;
			targetProxy = 6209F73B29AF8CBD00E5CCD5 /* PBXContainerItemProxy */;
		};
/* End PBXTargetDependency section */

/* Begin XCBuildConfiguration section */
		6209F74129AF8CBD00E5CCD5 /* Debug */ = {
			isa = XCBuildConfiguration;
			buildSettings = {
				ALWAYS_SEARCH_USER_PATHS = NO;
				CLANG_ANALYZER_NONNULL = YES;
				CLANG_ANALYZER_NUMBER_OBJECT_CONVERSION = YES_AGGRESSIVE;
				CLANG_CXX_LANGUAGE_STANDARD = "gnu++20";
				CLANG_ENABLE_MODULES = YES;
				CLANG_ENABLE_OBJC_ARC = YES;
				CLANG_ENABLE_OBJC_WEAK = YES;
				CLANG_WARN_BLOCK_CAPTURE_AUTORELEASING = YES;
				CLANG_WARN_BOOL_CONVERSION = YES;
				CLANG_WARN_COMMA = YES;
				CLANG_WARN_CONSTANT_CONVERSION = YES;
				CLANG_WARN_DEPRECATED_OBJC_IMPLEMENTATIONS = YES;
				CLANG_WARN_DIRECT_OBJC_ISA_USAGE = YES_ERROR;
				CLANG_WARN_DOCUMENTATION_COMMENTS = YES;
				CLANG_WARN_EMPTY_BODY = YES;
				CLANG_WARN_ENUM_CONVERSION = YES;
				CLANG_WARN_INFINITE_RECURSION = YES;
				CLANG_WARN_INT_CONVERSION = YES;
				CLANG_WARN_NON_LITERAL_NULL_CONVERSION = YES;
				CLANG_WARN_OBJC_IMPLICIT_RETAIN_SELF = YES;
				CLANG_WARN_OBJC_LITERAL_CONVERSION = YES;
				CLANG_WARN_OBJC_ROOT_CLASS = YES_ERROR;
				CLANG_WARN_QUOTED_INCLUDE_IN_FRAMEWORK_HEADER = YES;
				CLANG_WARN_RANGE_LOOP_ANALYSIS = YES;
				CLANG_WARN_STRICT_PROTOTYPES = YES;
				CLANG_WARN_SUSPICIOUS_MOVE = YES;
				CLANG_WARN_UNGUARDED_AVAILABILITY = YES_AGGRESSIVE;
				CLANG_WARN_UNREACHABLE_CODE = YES;
				CLANG_WARN__DUPLICATE_METHOD_MATCH = YES;
				COPY_PHASE_STRIP = NO;
				CURRENT_PROJECT_VERSION = 1;
				DEBUG_INFORMATION_FORMAT = dwarf;
				ENABLE_STRICT_OBJC_MSGSEND = YES;
				ENABLE_TESTABILITY = YES;
				GCC_C_LANGUAGE_STANDARD = gnu11;
				GCC_DYNAMIC_NO_PIC = NO;
				GCC_NO_COMMON_BLOCKS = YES;
				GCC_OPTIMIZATION_LEVEL = 0;
				GCC_PREPROCESSOR_DEFINITIONS = (
					"DEBUG=1",
					"$(inherited)",
				);
				GCC_WARN_64_TO_32_BIT_CONVERSION = YES;
				GCC_WARN_ABOUT_RETURN_TYPE = YES_ERROR;
				GCC_WARN_UNDECLARED_SELECTOR = YES;
				GCC_WARN_UNINITIALIZED_AUTOS = YES_AGGRESSIVE;
				GCC_WARN_UNUSED_FUNCTION = YES;
				GCC_WARN_UNUSED_VARIABLE = YES;
				MACOSX_DEPLOYMENT_TARGET = 12.6;
				MTL_ENABLE_DEBUG_INFO = INCLUDE_SOURCE;
				MTL_FAST_MATH = YES;
				ONLY_ACTIVE_ARCH = YES;
				SDKROOT = macosx;
				SWIFT_ACTIVE_COMPILATION_CONDITIONS = DEBUG;
				SWIFT_OPTIMIZATION_LEVEL = "-Onone";
				VERSIONING_SYSTEM = "apple-generic";
				VERSION_INFO_PREFIX = "";
			};
			name = Debug;
		};
		6209F74229AF8CBD00E5CCD5 /* Release */ = {
			isa = XCBuildConfiguration;
			buildSettings = {
				ALWAYS_SEARCH_USER_PATHS = NO;
				CLANG_ANALYZER_NONNULL = YES;
				CLANG_ANALYZER_NUMBER_OBJECT_CONVERSION = YES_AGGRESSIVE;
				CLANG_CXX_LANGUAGE_STANDARD = "gnu++20";
				CLANG_ENABLE_MODULES = YES;
				CLANG_ENABLE_OBJC_ARC = YES;
				CLANG_ENABLE_OBJC_WEAK = YES;
				CLANG_WARN_BLOCK_CAPTURE_AUTORELEASING = YES;
				CLANG_WARN_BOOL_CONVERSION = YES;
				CLANG_WARN_COMMA = YES;
				CLANG_WARN_CONSTANT_CONVERSION = YES;
				CLANG_WARN_DEPRECATED_OBJC_IMPLEMENTATIONS = YES;
				CLANG_WARN_DIRECT_OBJC_ISA_USAGE = YES_ERROR;
				CLANG_WARN_DOCUMENTATION_COMMENTS = YES;
				CLANG_WARN_EMPTY_BODY = YES;
				CLANG_WARN_ENUM_CONVERSION = YES;
				CLANG_WARN_INFINITE_RECURSION = YES;
				CLANG_WARN_INT_CONVERSION = YES;
				CLANG_WARN_NON_LITERAL_NULL_CONVERSION = YES;
				CLANG_WARN_OBJC_IMPLICIT_RETAIN_SELF = YES;
				CLANG_WARN_OBJC_LITERAL_CONVERSION = YES;
				CLANG_WARN_OBJC_ROOT_CLASS = YES_ERROR;
				CLANG_WARN_QUOTED_INCLUDE_IN_FRAMEWORK_HEADER = YES;
				CLANG_WARN_RANGE_LOOP_ANALYSIS = YES;
				CLANG_WARN_STRICT_PROTOTYPES = YES;
				CLANG_WARN_SUSPICIOUS_MOVE = YES;
				CLANG_WARN_UNGUARDED_AVAILABILITY = YES_AGGRESSIVE;
				CLANG_WARN_UNREACHABLE_CODE = YES;
				CLANG_WARN__DUPLICATE_METHOD_MATCH = YES;
				COPY_PHASE_STRIP = NO;
				CURRENT_PROJECT_VERSION = 1;
				DEBUG_INFORMATION_FORMAT = "dwarf-with-dsym";
				ENABLE_NS_ASSERTIONS = NO;
				ENABLE_STRICT_OBJC_MSGSEND = YES;
				GCC_C_LANGUAGE_STANDARD = gnu11;
				GCC_NO_COMMON_BLOCKS = YES;
				GCC_WARN_64_TO_32_BIT_CONVERSION = YES;
				GCC_WARN_ABOUT_RETURN_TYPE = YES_ERROR;
				GCC_WARN_UNDECLARED_SELECTOR = YES;
				GCC_WARN_UNINITIALIZED_AUTOS = YES_AGGRESSIVE;
				GCC_WARN_UNUSED_FUNCTION = YES;
				GCC_WARN_UNUSED_VARIABLE = YES;
				MACOSX_DEPLOYMENT_TARGET = 12.6;
				MTL_ENABLE_DEBUG_INFO = NO;
				MTL_FAST_MATH = YES;
				SDKROOT = macosx;
				SWIFT_COMPILATION_MODE = wholemodule;
				SWIFT_OPTIMIZATION_LEVEL = "-O";
				VERSIONING_SYSTEM = "apple-generic";
				VERSION_INFO_PREFIX = "";
			};
			name = Release;
		};
		6209F74429AF8CBD00E5CCD5 /* Debug */ = {
			isa = XCBuildConfiguration;
			buildSettings = {
				APPLY_RULES_IN_COPY_HEADERS = NO;
				CODE_SIGN_STYLE = Automatic;
				COMBINE_HIDPI_IMAGES = YES;
				CURRENT_PROJECT_VERSION = 1;
				DEFINES_MODULE = YES;
				DEVELOPMENT_TEAM = T6G7397HUK;
				DYLIB_COMPATIBILITY_VERSION = 1;
				DYLIB_CURRENT_VERSION = 1;
				DYLIB_INSTALL_NAME_BASE = "@rpath";
				GENERATE_INFOPLIST_FILE = YES;
				INFOPLIST_KEY_NSHumanReadableCopyright = "";
				INSTALL_PATH = "$(LOCAL_LIBRARY_DIR)/Frameworks";
				LD_RUNPATH_SEARCH_PATHS = (
					"$(inherited)",
					"@executable_path/../Frameworks",
					"@loader_path/Frameworks",
				);
				MARKETING_VERSION = 1.0;
				PRODUCT_BUNDLE_IDENTIFIER = com.gmail.thethunderwrath.Leetcode;
				PRODUCT_NAME = "$(TARGET_NAME:c99extidentifier)";
				SKIP_INSTALL = YES;
				SWIFT_EMIT_LOC_STRINGS = YES;
				SWIFT_VERSION = 5.0;
			};
			name = Debug;
		};
		6209F74529AF8CBD00E5CCD5 /* Release */ = {
			isa = XCBuildConfiguration;
			buildSettings = {
				APPLY_RULES_IN_COPY_HEADERS = NO;
				CODE_SIGN_STYLE = Automatic;
				COMBINE_HIDPI_IMAGES = YES;
				CURRENT_PROJECT_VERSION = 1;
				DEFINES_MODULE = YES;
				DEVELOPMENT_TEAM = T6G7397HUK;
				DYLIB_COMPATIBILITY_VERSION = 1;
				DYLIB_CURRENT_VERSION = 1;
				DYLIB_INSTALL_NAME_BASE = "@rpath";
				GENERATE_INFOPLIST_FILE = YES;
				INFOPLIST_KEY_NSHumanReadableCopyright = "";
				INSTALL_PATH = "$(LOCAL_LIBRARY_DIR)/Frameworks";
				LD_RUNPATH_SEARCH_PATHS = (
					"$(inherited)",
					"@executable_path/../Frameworks",
					"@loader_path/Frameworks",
				);
				MARKETING_VERSION = 1.0;
				PRODUCT_BUNDLE_IDENTIFIER = com.gmail.thethunderwrath.Leetcode;
				PRODUCT_NAME = "$(TARGET_NAME:c99extidentifier)";
				SKIP_INSTALL = YES;
				SWIFT_EMIT_LOC_STRINGS = YES;
				SWIFT_VERSION = 5.0;
			};
			name = Release;
		};
		6209F74729AF8CBD00E5CCD5 /* Debug */ = {
			isa = XCBuildConfiguration;
			buildSettings = {
				CODE_SIGN_STYLE = Automatic;
				CURRENT_PROJECT_VERSION = 1;
				DEVELOPMENT_TEAM = T6G7397HUK;
				GENERATE_INFOPLIST_FILE = YES;
				MARKETING_VERSION = 1.0;
				PRODUCT_BUNDLE_IDENTIFIER = com.gmail.thethunderwrath.LeetcodeTests;
				PRODUCT_NAME = "$(TARGET_NAME)";
				SWIFT_EMIT_LOC_STRINGS = NO;
				SWIFT_VERSION = 5.0;
			};
			name = Debug;
		};
		6209F74829AF8CBD00E5CCD5 /* Release */ = {
			isa = XCBuildConfiguration;
			buildSettings = {
				CODE_SIGN_STYLE = Automatic;
				CURRENT_PROJECT_VERSION = 1;
				DEVELOPMENT_TEAM = T6G7397HUK;
				GENERATE_INFOPLIST_FILE = YES;
				MARKETING_VERSION = 1.0;
				PRODUCT_BUNDLE_IDENTIFIER = com.gmail.thethunderwrath.LeetcodeTests;
				PRODUCT_NAME = "$(TARGET_NAME)";
				SWIFT_EMIT_LOC_STRINGS = NO;
				SWIFT_VERSION = 5.0;
			};
			name = Release;
		};
/* End XCBuildConfiguration section */

/* Begin XCConfigurationList section */
		6209F72B29AF8CBD00E5CCD5 /* Build configuration list for PBXProject "Leetcode" */ = {
			isa = XCConfigurationList;
			buildConfigurations = (
				6209F74129AF8CBD00E5CCD5 /* Debug */,
				6209F74229AF8CBD00E5CCD5 /* Release */,
			);
			defaultConfigurationIsVisible = 0;
			defaultConfigurationName = Release;
		};
		6209F74329AF8CBD00E5CCD5 /* Build configuration list for PBXNativeTarget "Leetcode" */ = {
			isa = XCConfigurationList;
			buildConfigurations = (
				6209F74429AF8CBD00E5CCD5 /* Debug */,
				6209F74529AF8CBD00E5CCD5 /* Release */,
			);
			defaultConfigurationIsVisible = 0;
			defaultConfigurationName = Release;
		};
		6209F74629AF8CBD00E5CCD5 /* Build configuration list for PBXNativeTarget "LeetcodeTests" */ = {
			isa = XCConfigurationList;
			buildConfigurations = (
				6209F74729AF8CBD00E5CCD5 /* Debug */,
				6209F74829AF8CBD00E5CCD5 /* Release */,
			);
			defaultConfigurationIsVisible = 0;
			defaultConfigurationName = Release;
		};
/* End XCConfigurationList section */
	};
	rootObject = 6209F72829AF8CBD00E5CCD5 /* Project object */;
}
